
Microsoft Visual Studio Solution File, Format Version 12.00
# Visual Studio 15
VisualStudioVersion = 15.0.27130.2026
MinimumVisualStudioVersion = 10.0.40219.1
Project("{FAE04EC0-301F-11D3-BF4B-00C04F79EFBC}") = "CrystalConsole", "CrystalConsole\CrystalConsole.csproj", "{7C9974F5-B1D4-4982-96C7-D5504E137F03}"
EndProject
Project("{FAE04EC0-301F-11D3-BF4B-00C04F79EFBC}") = "Pointer_GB", "Pointer_GB\Pointer_GB.csproj", "{CCDB1BF5-8A4E-489A-88B5-261C365F26B4}"
EndProject
Project("{FAE04EC0-301F-11D3-BF4B-00C04F79EFBC}") = "TableBasic", "TableBasic\TableBasic.csproj", "{71F507C9-8844-4866-B30A-DDF660BBE001}"
EndProject
Project("{FAE04EC0-301F-11D3-BF4B-00C04F79EFBC}") = "Testing", "Testing\Testing.csproj", "{99038C6E-49F2-4865-A7E5-E5D63A8C6C8B}"
EndProject
Project("{FAE04EC0-301F-11D3-BF4B-00C04F79EFBC}") = "Interfaces", "Interfaces\Interfaces.csproj", "{47BFCBB8-3A70-414D-8CA9-3988DA54CC8F}"
EndProject
Global
	GlobalSection(SolutionConfigurationPlatforms) = preSolution
		Debug|Any CPU = Debug|Any CPU
		Release|Any CPU = Release|Any CPU
	EndGlobalSection
	GlobalSection(ProjectConfigurationPlatforms) = postSolution
		{7C9974F5-B1D4-4982-96C7-D5504E137F03}.Debug|Any CPU.ActiveCfg = Debug|Any CPU
		{7C9974F5-B1D4-4982-96C7-D5504E137F03}.Debug|Any CPU.Build.0 = Debug|Any CPU
		{7C9974F5-B1D4-4982-96C7-D5504E137F03}.Release|Any CPU.ActiveCfg = Release|Any CPU
		{7C9974F5-B1D4-4982-96C7-D5504E137F03}.Release|Any CPU.Build.0 = Release|Any CPU
		{CCDB1BF5-8A4E-489A-88B5-261C365F26B4}.Debug|Any CPU.ActiveCfg = Debug|Any CPU
		{CCDB1BF5-8A4E-489A-88B5-261C365F26B4}.Debug|Any CPU.Build.0 = Debug|Any CPU
		{CCDB1BF5-8A4E-489A-88B5-261C365F26B4}.Release|Any CPU.ActiveCfg = Release|Any CPU
		{CCDB1BF5-8A4E-489A-88B5-261C365F26B4}.Release|Any CPU.Build.0 = Release|Any CPU
		{71F507C9-8844-4866-B30A-DDF660BBE001}.Debug|Any CPU.ActiveCfg = Debug|Any CPU
		{71F507C9-8844-4866-B30A-DDF660BBE001}.Debug|Any CPU.Build.0 = Debug|Any CPU
		{71F507C9-8844-4866-B30A-DDF660BBE001}.Release|Any CPU.ActiveCfg = Release|Any CPU
		{71F507C9-8844-4866-B30A-DDF660BBE001}.Release|Any CPU.Build.0 = Release|Any CPU
		{99038C6E-49F2-4865-A7E5-E5D63A8C6C8B}.Debug|Any CPU.ActiveCfg = Debug|Any CPU
		{99038C6E-49F2-4865-A7E5-E5D63A8C6C8B}.Debug|Any CPU.Build.0 = Debug|Any CPU
		{99038C6E-49F2-4865-A7E5-E5D63A8C6C8B}.Release|Any CPU.ActiveCfg = Release|Any CPU
		{99038C6E-49F2-4865-A7E5-E5D63A8C6C8B}.Release|Any CPU.Build.0 = Release|Any CPU
		{47BFCBB8-3A70-414D-8CA9-3988DA54CC8F}.Debug|Any CPU.ActiveCfg = Debug|Any CPU
		{47BFCBB8-3A70-414D-8CA9-3988DA54CC8F}.Debug|Any CPU.Build.0 = Debug|Any CPU
		{47BFCBB8-3A70-414D-8CA9-3988DA54CC8F}.Release|Any CPU.ActiveCfg = Release|Any CPU
		{47BFCBB8-3A70-414D-8CA9-3988DA54CC8F}.Release|Any CPU.Build.0 = Release|Any CPU
	EndGlobalSection
	GlobalSection(SolutionProperties) = preSolution
		HideSolutionNode = FALSE
	EndGlobalSection
	GlobalSection(ExtensibilityGlobals) = postSolution
		SolutionGuid = {EC52D873-7E2E-4CEE-88C0-87ACD00D16C9}
	EndGlobalSection
EndGlobal
