
Microsoft Visual Studio Solution File, Format Version 12.00
# Visual Studio 15
VisualStudioVersion = 15.0.27428.2005
MinimumVisualStudioVersion = 10.0.40219.1
Project("{FAE04EC0-301F-11D3-BF4B-00C04F79EFBC}") = "Crystal", "Crystal\Crystal.csproj", "{BD7CD7B2-297D-4CFD-A550-DAEAFB807F37}"
EndProject
Project("{FAE04EC0-301F-11D3-BF4B-00C04F79EFBC}") = "Interfaces", "Interfaces\Interfaces.csproj", "{E5898AD9-B2D8-4607-B772-63FDB876F4DA}"
EndProject
Project("{FAE04EC0-301F-11D3-BF4B-00C04F79EFBC}") = "BasicTable", "BasicTable\BasicTable.csproj", "{8840DE3B-C39E-429E-9864-E6BD0E2B06BB}"
EndProject
Project("{FAE04EC0-301F-11D3-BF4B-00C04F79EFBC}") = "StopByte", "BasicStoreMethod\StopByte.csproj", "{729B577D-BC3A-4A84-8CAB-54135209752B}"
EndProject
Project("{FAE04EC0-301F-11D3-BF4B-00C04F79EFBC}") = "CrystalGUI", "CrystalGUI\CrystalGUI.csproj", "{A29A86DC-47CE-4C47-AC85-5584B629B811}"
EndProject
Project("{FAE04EC0-301F-11D3-BF4B-00C04F79EFBC}") = "CrystalDemo", "CrystalDemo\CrystalDemo.csproj", "{5727E929-1883-4E8A-9DBD-E22DAC315D24}"
EndProject
Global
	GlobalSection(SolutionConfigurationPlatforms) = preSolution
		Debug|Any CPU = Debug|Any CPU
		Release|Any CPU = Release|Any CPU
	EndGlobalSection
	GlobalSection(ProjectConfigurationPlatforms) = postSolution
		{BD7CD7B2-297D-4CFD-A550-DAEAFB807F37}.Debug|Any CPU.ActiveCfg = Debug|Any CPU
		{BD7CD7B2-297D-4CFD-A550-DAEAFB807F37}.Debug|Any CPU.Build.0 = Debug|Any CPU
		{BD7CD7B2-297D-4CFD-A550-DAEAFB807F37}.Release|Any CPU.ActiveCfg = Release|Any CPU
		{BD7CD7B2-297D-4CFD-A550-DAEAFB807F37}.Release|Any CPU.Build.0 = Release|Any CPU
		{E5898AD9-B2D8-4607-B772-63FDB876F4DA}.Debug|Any CPU.ActiveCfg = Debug|Any CPU
		{E5898AD9-B2D8-4607-B772-63FDB876F4DA}.Debug|Any CPU.Build.0 = Debug|Any CPU
		{E5898AD9-B2D8-4607-B772-63FDB876F4DA}.Release|Any CPU.ActiveCfg = Release|Any CPU
		{E5898AD9-B2D8-4607-B772-63FDB876F4DA}.Release|Any CPU.Build.0 = Release|Any CPU
		{8840DE3B-C39E-429E-9864-E6BD0E2B06BB}.Debug|Any CPU.ActiveCfg = Debug|Any CPU
		{8840DE3B-C39E-429E-9864-E6BD0E2B06BB}.Debug|Any CPU.Build.0 = Debug|Any CPU
		{8840DE3B-C39E-429E-9864-E6BD0E2B06BB}.Release|Any CPU.ActiveCfg = Release|Any CPU
		{8840DE3B-C39E-429E-9864-E6BD0E2B06BB}.Release|Any CPU.Build.0 = Release|Any CPU
		{729B577D-BC3A-4A84-8CAB-54135209752B}.Debug|Any CPU.ActiveCfg = Debug|Any CPU
		{729B577D-BC3A-4A84-8CAB-54135209752B}.Debug|Any CPU.Build.0 = Debug|Any CPU
		{729B577D-BC3A-4A84-8CAB-54135209752B}.Release|Any CPU.ActiveCfg = Release|Any CPU
		{729B577D-BC3A-4A84-8CAB-54135209752B}.Release|Any CPU.Build.0 = Release|Any CPU
		{A29A86DC-47CE-4C47-AC85-5584B629B811}.Debug|Any CPU.ActiveCfg = Debug|Any CPU
		{A29A86DC-47CE-4C47-AC85-5584B629B811}.Debug|Any CPU.Build.0 = Debug|Any CPU
		{A29A86DC-47CE-4C47-AC85-5584B629B811}.Release|Any CPU.ActiveCfg = Release|Any CPU
		{A29A86DC-47CE-4C47-AC85-5584B629B811}.Release|Any CPU.Build.0 = Release|Any CPU
		{5727E929-1883-4E8A-9DBD-E22DAC315D24}.Debug|Any CPU.ActiveCfg = Debug|Any CPU
		{5727E929-1883-4E8A-9DBD-E22DAC315D24}.Debug|Any CPU.Build.0 = Debug|Any CPU
		{5727E929-1883-4E8A-9DBD-E22DAC315D24}.Release|Any CPU.ActiveCfg = Release|Any CPU
		{5727E929-1883-4E8A-9DBD-E22DAC315D24}.Release|Any CPU.Build.0 = Release|Any CPU
	EndGlobalSection
	GlobalSection(SolutionProperties) = preSolution
		HideSolutionNode = FALSE
	EndGlobalSection
	GlobalSection(ExtensibilityGlobals) = postSolution
		SolutionGuid = {E77EE4BC-EE1F-4DDD-8785-1C1CA02450EE}
	EndGlobalSection
EndGlobal
